
Microsoft Visual Studio Solution File, Format Version 12.00
# Visual Studio Version 17
VisualStudioVersion = 17.14.36414.22 d17.14
MinimumVisualStudioVersion = 10.0.40219.1
Project("{FAE04EC0-301F-11D3-BF4B-00C04F79EFBC}") = "Topic 5.2 - If and Else statements", "Topic 5.2 - If and Else statements.csproj", "{6F808DC2-7132-4972-80E4-5F2D98C7F0A2}"
EndProject
Global
	GlobalSection(SolutionConfigurationPlatforms) = preSolution
		Debug|Any CPU = Debug|Any CPU
		Release|Any CPU = Release|Any CPU
	EndGlobalSection
	GlobalSection(ProjectConfigurationPlatforms) = postSolution
		{6F808DC2-7132-4972-80E4-5F2D98C7F0A2}.Debug|Any CPU.ActiveCfg = Debug|Any CPU
		{6F808DC2-7132-4972-80E4-5F2D98C7F0A2}.Debug|Any CPU.Build.0 = Debug|Any CPU
		{6F808DC2-7132-4972-80E4-5F2D98C7F0A2}.Release|Any CPU.ActiveCfg = Release|Any CPU
		{6F808DC2-7132-4972-80E4-5F2D98C7F0A2}.Release|Any CPU.Build.0 = Release|Any CPU
	EndGlobalSection
	GlobalSection(SolutionProperties) = preSolution
		HideSolutionNode = FALSE
	EndGlobalSection
	GlobalSection(ExtensibilityGlobals) = postSolution
		SolutionGuid = {F1DB0A54-4459-4D08-89EC-22EC29FC95DC}
	EndGlobalSection
EndGlobal
